
Microsoft Visual Studio Solution File, Format Version 12.00
Project("{2150E333-8FDC-42A3-9474-1A3956D46DE8}") = "Unedited API", "Unedited API", "{73123EB9-3A4D-4C87-BC85-639D0FF2CABA}"
EndProject
Project("{FAE04EC0-301F-11D3-BF4B-00C04F79EFBC}") = "Customers.Api", "Unedited API\Customers.Api\Customers.Api.csproj", "{F0533255-6FE6-4E8E-9847-75827A7603C1}"
EndProject
Project("{2150E333-8FDC-42A3-9474-1A3956D46DE8}") = "3. Fundamentals", "3. Fundamentals", "{69091825-21EA-496D-8EF1-BCB47C30B2C9}"
EndProject
Project("{2150E333-8FDC-42A3-9474-1A3956D46DE8}") = "src", "src", "{9C72A15F-1CB5-4CC9-80DA-8EA61ADEBE6A}"
EndProject
Project("{2150E333-8FDC-42A3-9474-1A3956D46DE8}") = "tests", "tests", "{9563215F-32BD-4D22-B520-1CC94FF843E8}"
EndProject
Project("{FAE04EC0-301F-11D3-BF4B-00C04F79EFBC}") = "Customers.Api", "3. Fundamentals\src\Customers.Api\Customers.Api.csproj", "{4006D9C6-9592-42FC-80E4-72CACA30C3A9}"
EndProject
Project("{FAE04EC0-301F-11D3-BF4B-00C04F79EFBC}") = "Customers.Api.Tests.Integration", "3. Fundamentals\tests\Customers.Api.Tests.Integration\Customers.Api.Tests.Integration.csproj", "{066BCC22-F89C-45E1-9B65-D97CADDC80A9}"
EndProject
Project("{2150E333-8FDC-42A3-9474-1A3956D46DE8}") = "5. Concepts And Practices", "5. Concepts And Practices", "{013456F8-C450-435B-B530-9397AB2C0788}"
EndProject
Project("{2150E333-8FDC-42A3-9474-1A3956D46DE8}") = "src", "src", "{22955358-680E-44DA-9C57-4D16683A8F3D}"
EndProject
Project("{2150E333-8FDC-42A3-9474-1A3956D46DE8}") = "tests", "tests", "{9EBFCA87-F868-4140-8FAE-334F4CF93244}"
EndProject
Project("{FAE04EC0-301F-11D3-BF4B-00C04F79EFBC}") = "Customers.Api", "5. Concepts And Practices\src\Customers.Api\Customers.Api.csproj", "{99CE388E-2816-470D-B604-2CBB4727A097}"
EndProject
Project("{FAE04EC0-301F-11D3-BF4B-00C04F79EFBC}") = "Customers.Api.Tests.Integration", "5. Concepts And Practices\tests\Customers.Api.Tests.Integration\Customers.Api.Tests.Integration.csproj", "{EB1EC392-46FC-4332-847D-E658D0E603C9}"
EndProject
Project("{2150E333-8FDC-42A3-9474-1A3956D46DE8}") = "6. Real World Testing", "6. Real World Testing", "{969B5865-E623-4BF5-A8C3-73B89134A63E}"
EndProject
Project("{2150E333-8FDC-42A3-9474-1A3956D46DE8}") = "src", "src", "{3C630C23-03E0-4778-BE1C-7B27CDBC401A}"
EndProject
Project("{2150E333-8FDC-42A3-9474-1A3956D46DE8}") = "tests", "tests", "{2DAE0F63-B387-41B0-AC26-E6EDD8CCCDE5}"
EndProject
Project("{FAE04EC0-301F-11D3-BF4B-00C04F79EFBC}") = "Customers.Api", "6. Real World Testing\src\Customers.Api\Customers.Api.csproj", "{66CC863F-7FAA-4BCD-89A9-A2DED56E96F6}"
EndProject
Project("{FAE04EC0-301F-11D3-BF4B-00C04F79EFBC}") = "Customers.Api.Tests.Integration", "6. Real World Testing\tests\Customers.Api.Tests.Integration\Customers.Api.Tests.Integration.csproj", "{C791E899-F458-43E1-9D61-2C896EC6B935}"
EndProject
Project("{2150E333-8FDC-42A3-9474-1A3956D46DE8}") = "7. Web UI Testing", "7. Web UI Testing", "{68DAB032-6924-4CDF-AA9C-10E8180FD3C8}"
EndProject
Project("{2150E333-8FDC-42A3-9474-1A3956D46DE8}") = "src", "src", "{6CE22A3A-B7D1-47B6-9168-B2DC29C14C01}"
EndProject
Project("{FAE04EC0-301F-11D3-BF4B-00C04F79EFBC}") = "Customers.WebApp", "7. Web UI testing\src\Customers.WebApp\Customers.WebApp.csproj", "{AEB1C4FC-BBC6-4FBF-A63D-D4435947C326}"
EndProject
Project("{2150E333-8FDC-42A3-9474-1A3956D46DE8}") = "tests", "tests", "{B00F19C3-A6F8-43FE-971D-BEA5A31F44A3}"
EndProject
Project("{FAE04EC0-301F-11D3-BF4B-00C04F79EFBC}") = "Customers.WebApp.Tests.Integration", "7. Web UI testing\tests\Customers.WebApp.Tests.Integration\Customers.WebApp.Tests.Integration.csproj", "{A10D7C2F-7C91-43C5-8CA6-EBAB2AB1A2FD}"
EndProject
Global
	GlobalSection(SolutionConfigurationPlatforms) = preSolution
		Debug|Any CPU = Debug|Any CPU
		Release|Any CPU = Release|Any CPU
	EndGlobalSection
	GlobalSection(NestedProjects) = preSolution
		{F0533255-6FE6-4E8E-9847-75827A7603C1} = {73123EB9-3A4D-4C87-BC85-639D0FF2CABA}
		{9C72A15F-1CB5-4CC9-80DA-8EA61ADEBE6A} = {69091825-21EA-496D-8EF1-BCB47C30B2C9}
		{9563215F-32BD-4D22-B520-1CC94FF843E8} = {69091825-21EA-496D-8EF1-BCB47C30B2C9}
		{4006D9C6-9592-42FC-80E4-72CACA30C3A9} = {9C72A15F-1CB5-4CC9-80DA-8EA61ADEBE6A}
		{066BCC22-F89C-45E1-9B65-D97CADDC80A9} = {9563215F-32BD-4D22-B520-1CC94FF843E8}
		{22955358-680E-44DA-9C57-4D16683A8F3D} = {013456F8-C450-435B-B530-9397AB2C0788}
		{9EBFCA87-F868-4140-8FAE-334F4CF93244} = {013456F8-C450-435B-B530-9397AB2C0788}
		{99CE388E-2816-470D-B604-2CBB4727A097} = {22955358-680E-44DA-9C57-4D16683A8F3D}
		{EB1EC392-46FC-4332-847D-E658D0E603C9} = {9EBFCA87-F868-4140-8FAE-334F4CF93244}
		{3C630C23-03E0-4778-BE1C-7B27CDBC401A} = {969B5865-E623-4BF5-A8C3-73B89134A63E}
		{2DAE0F63-B387-41B0-AC26-E6EDD8CCCDE5} = {969B5865-E623-4BF5-A8C3-73B89134A63E}
		{66CC863F-7FAA-4BCD-89A9-A2DED56E96F6} = {3C630C23-03E0-4778-BE1C-7B27CDBC401A}
		{C791E899-F458-43E1-9D61-2C896EC6B935} = {2DAE0F63-B387-41B0-AC26-E6EDD8CCCDE5}
		{6CE22A3A-B7D1-47B6-9168-B2DC29C14C01} = {68DAB032-6924-4CDF-AA9C-10E8180FD3C8}
		{AEB1C4FC-BBC6-4FBF-A63D-D4435947C326} = {6CE22A3A-B7D1-47B6-9168-B2DC29C14C01}
		{B00F19C3-A6F8-43FE-971D-BEA5A31F44A3} = {68DAB032-6924-4CDF-AA9C-10E8180FD3C8}
		{A10D7C2F-7C91-43C5-8CA6-EBAB2AB1A2FD} = {B00F19C3-A6F8-43FE-971D-BEA5A31F44A3}
	EndGlobalSection
	GlobalSection(ProjectConfigurationPlatforms) = postSolution
		{F0533255-6FE6-4E8E-9847-75827A7603C1}.Debug|Any CPU.ActiveCfg = Debug|Any CPU
		{F0533255-6FE6-4E8E-9847-75827A7603C1}.Debug|Any CPU.Build.0 = Debug|Any CPU
		{F0533255-6FE6-4E8E-9847-75827A7603C1}.Release|Any CPU.ActiveCfg = Release|Any CPU
		{F0533255-6FE6-4E8E-9847-75827A7603C1}.Release|Any CPU.Build.0 = Release|Any CPU
		{4006D9C6-9592-42FC-80E4-72CACA30C3A9}.Debug|Any CPU.ActiveCfg = Debug|Any CPU
		{4006D9C6-9592-42FC-80E4-72CACA30C3A9}.Debug|Any CPU.Build.0 = Debug|Any CPU
		{4006D9C6-9592-42FC-80E4-72CACA30C3A9}.Release|Any CPU.ActiveCfg = Release|Any CPU
		{4006D9C6-9592-42FC-80E4-72CACA30C3A9}.Release|Any CPU.Build.0 = Release|Any CPU
		{066BCC22-F89C-45E1-9B65-D97CADDC80A9}.Debug|Any CPU.ActiveCfg = Debug|Any CPU
		{066BCC22-F89C-45E1-9B65-D97CADDC80A9}.Debug|Any CPU.Build.0 = Debug|Any CPU
		{066BCC22-F89C-45E1-9B65-D97CADDC80A9}.Release|Any CPU.ActiveCfg = Release|Any CPU
		{066BCC22-F89C-45E1-9B65-D97CADDC80A9}.Release|Any CPU.Build.0 = Release|Any CPU
		{99CE388E-2816-470D-B604-2CBB4727A097}.Debug|Any CPU.ActiveCfg = Debug|Any CPU
		{99CE388E-2816-470D-B604-2CBB4727A097}.Debug|Any CPU.Build.0 = Debug|Any CPU
		{99CE388E-2816-470D-B604-2CBB4727A097}.Release|Any CPU.ActiveCfg = Release|Any CPU
		{99CE388E-2816-470D-B604-2CBB4727A097}.Release|Any CPU.Build.0 = Release|Any CPU
		{EB1EC392-46FC-4332-847D-E658D0E603C9}.Debug|Any CPU.ActiveCfg = Debug|Any CPU
		{EB1EC392-46FC-4332-847D-E658D0E603C9}.Debug|Any CPU.Build.0 = Debug|Any CPU
		{EB1EC392-46FC-4332-847D-E658D0E603C9}.Release|Any CPU.ActiveCfg = Release|Any CPU
		{EB1EC392-46FC-4332-847D-E658D0E603C9}.Release|Any CPU.Build.0 = Release|Any CPU
		{66CC863F-7FAA-4BCD-89A9-A2DED56E96F6}.Debug|Any CPU.ActiveCfg = Debug|Any CPU
		{66CC863F-7FAA-4BCD-89A9-A2DED56E96F6}.Debug|Any CPU.Build.0 = Debug|Any CPU
		{66CC863F-7FAA-4BCD-89A9-A2DED56E96F6}.Release|Any CPU.ActiveCfg = Release|Any CPU
		{66CC863F-7FAA-4BCD-89A9-A2DED56E96F6}.Release|Any CPU.Build.0 = Release|Any CPU
		{C791E899-F458-43E1-9D61-2C896EC6B935}.Debug|Any CPU.ActiveCfg = Debug|Any CPU
		{C791E899-F458-43E1-9D61-2C896EC6B935}.Debug|Any CPU.Build.0 = Debug|Any CPU
		{C791E899-F458-43E1-9D61-2C896EC6B935}.Release|Any CPU.ActiveCfg = Release|Any CPU
		{C791E899-F458-43E1-9D61-2C896EC6B935}.Release|Any CPU.Build.0 = Release|Any CPU
		{AEB1C4FC-BBC6-4FBF-A63D-D4435947C326}.Debug|Any CPU.ActiveCfg = Debug|Any CPU
		{AEB1C4FC-BBC6-4FBF-A63D-D4435947C326}.Debug|Any CPU.Build.0 = Debug|Any CPU
		{AEB1C4FC-BBC6-4FBF-A63D-D4435947C326}.Release|Any CPU.ActiveCfg = Release|Any CPU
		{AEB1C4FC-BBC6-4FBF-A63D-D4435947C326}.Release|Any CPU.Build.0 = Release|Any CPU
		{A10D7C2F-7C91-43C5-8CA6-EBAB2AB1A2FD}.Debug|Any CPU.ActiveCfg = Debug|Any CPU
		{A10D7C2F-7C91-43C5-8CA6-EBAB2AB1A2FD}.Debug|Any CPU.Build.0 = Debug|Any CPU
		{A10D7C2F-7C91-43C5-8CA6-EBAB2AB1A2FD}.Release|Any CPU.ActiveCfg = Release|Any CPU
		{A10D7C2F-7C91-43C5-8CA6-EBAB2AB1A2FD}.Release|Any CPU.Build.0 = Release|Any CPU
	EndGlobalSection
EndGlobal
